
Microsoft Visual Studio Solution File, Format Version 11.00
# Visual Studio 2010
Project("{FAE04EC0-301F-11D3-BF4B-00C04F79EFBC}") = "ExcelExporter", "Assembly-CSharp.csproj", "{55BE7937-C70B-08AD-DC5B-BB6040EB0E11}"
EndProject
Project("{FAE04EC0-301F-11D3-BF4B-00C04F79EFBC}") = "ExcelExporter", "Assembly-CSharp-Editor.csproj", "{505DA4D7-AA3A-305A-9300-7BEFDFEFD70E}"
EndProject
Global
	GlobalSection(SolutionConfigurationPlatforms) = preSolution
		Debug|Any CPU = Debug|Any CPU
		Release|Any CPU = Release|Any CPU
	EndGlobalSection
	GlobalSection(ProjectConfigurationPlatforms) = postSolution
		{55BE7937-C70B-08AD-DC5B-BB6040EB0E11}.Debug|Any CPU.ActiveCfg = Debug|Any CPU
		{55BE7937-C70B-08AD-DC5B-BB6040EB0E11}.Debug|Any CPU.Build.0 = Debug|Any CPU
		{55BE7937-C70B-08AD-DC5B-BB6040EB0E11}.Release|Any CPU.ActiveCfg = Release|Any CPU
		{55BE7937-C70B-08AD-DC5B-BB6040EB0E11}.Release|Any CPU.Build.0 = Release|Any CPU
		{505DA4D7-AA3A-305A-9300-7BEFDFEFD70E}.Debug|Any CPU.ActiveCfg = Debug|Any CPU
		{505DA4D7-AA3A-305A-9300-7BEFDFEFD70E}.Debug|Any CPU.Build.0 = Debug|Any CPU
		{505DA4D7-AA3A-305A-9300-7BEFDFEFD70E}.Release|Any CPU.ActiveCfg = Release|Any CPU
		{505DA4D7-AA3A-305A-9300-7BEFDFEFD70E}.Release|Any CPU.Build.0 = Release|Any CPU
	EndGlobalSection
	GlobalSection(SolutionProperties) = preSolution
		HideSolutionNode = FALSE
	EndGlobalSection
	GlobalSection(MonoDevelopProperties) = preSolution
		StartupItem = Assembly-CSharp.csproj
	EndGlobalSection
EndGlobal
